
Microsoft Visual Studio Solution File, Format Version 12.00
# Visual Studio Version 16
VisualStudioVersion = 16.0.29911.84
MinimumVisualStudioVersion = 10.0.40219.1
Project("{FAE04EC0-301F-11D3-BF4B-00C04F79EFBC}") = "EStore", "EStore\EStore.csproj", "{38DD1E1F-7102-4267-BF11-730043B1E5E6}"
EndProject
Global
	GlobalSection(SolutionConfigurationPlatforms) = preSolution
		Debug|Any CPU = Debug|Any CPU
		Release|Any CPU = Release|Any CPU
	EndGlobalSection
	GlobalSection(ProjectConfigurationPlatforms) = postSolution
		{38DD1E1F-7102-4267-BF11-730043B1E5E6}.Debug|Any CPU.ActiveCfg = Debug|Any CPU
		{38DD1E1F-7102-4267-BF11-730043B1E5E6}.Debug|Any CPU.Build.0 = Debug|Any CPU
		{38DD1E1F-7102-4267-BF11-730043B1E5E6}.Release|Any CPU.ActiveCfg = Release|Any CPU
		{38DD1E1F-7102-4267-BF11-730043B1E5E6}.Release|Any CPU.Build.0 = Release|Any CPU
	EndGlobalSection
	GlobalSection(SolutionProperties) = preSolution
		HideSolutionNode = FALSE
	EndGlobalSection
	GlobalSection(ExtensibilityGlobals) = postSolution
		SolutionGuid = {52B3179A-FF37-41B1-ACF8-61506F47A1FA}
	EndGlobalSection
EndGlobal
